
Microsoft Visual Studio Solution File, Format Version 12.00
# Visual Studio 15
VisualStudioVersion = 15.0.28010.2050
MinimumVisualStudioVersion = 10.0.40219.1
Project("{FAE04EC0-301F-11D3-BF4B-00C04F79EFBC}") = "VMWORLD", "VMWORLD\VMWORLD.csproj", "{4D781DBE-DDA8-4F45-80C6-DFC6DD60D62C}"
EndProject
Global
	GlobalSection(SolutionConfigurationPlatforms) = preSolution
		Debug|Any CPU = Debug|Any CPU
		Release|Any CPU = Release|Any CPU
	EndGlobalSection
	GlobalSection(ProjectConfigurationPlatforms) = postSolution
		{4D781DBE-DDA8-4F45-80C6-DFC6DD60D62C}.Debug|Any CPU.ActiveCfg = Debug|Any CPU
		{4D781DBE-DDA8-4F45-80C6-DFC6DD60D62C}.Debug|Any CPU.Build.0 = Debug|Any CPU
		{4D781DBE-DDA8-4F45-80C6-DFC6DD60D62C}.Release|Any CPU.ActiveCfg = Release|Any CPU
		{4D781DBE-DDA8-4F45-80C6-DFC6DD60D62C}.Release|Any CPU.Build.0 = Release|Any CPU
	EndGlobalSection
	GlobalSection(SolutionProperties) = preSolution
		HideSolutionNode = FALSE
	EndGlobalSection
	GlobalSection(ExtensibilityGlobals) = postSolution
		SolutionGuid = {537EEC5D-DBB9-41B2-86B7-C3D261D72969}
	EndGlobalSection
EndGlobal
